// !$*UTF8*$!
{
	archiveVersion = 1;
	classes = {
	};
	objectVersion = 46;
	objects = {

/* Begin PBXBuildFile section */
		3929E7E11AD03DED00E14312 /* PlaySoundsViewController.swift in Sources */ = {isa = PBXBuildFile; fileRef = 3929E7E01AD03DED00E14312 /* PlaySoundsViewController.swift */; };
		3929E7E51AD0BA9E00E14312 /* movie_quote.mp3 in Resources */ = {isa = PBXBuildFile; fileRef = 3929E7E41AD0BA9E00E14312 /* movie_quote.mp3 */; };
		3929E7E81AD17CEE00E14312 /* Main.storyboard in Resources */ = {isa = PBXBuildFile; fileRef = 3929E7E61AD17CEE00E14312 /* Main.storyboard */; };
		3929E7EA1AD1A47400E14312 /* RecordedAudio.swift in Sources */ = {isa = PBXBuildFile; fileRef = 3929E7E91AD1A47400E14312 /* RecordedAudio.swift */; };
		39B89CE01AC4C70C003A93E5 /* AppDelegate.swift in Sources */ = {isa = PBXBuildFile; fileRef = 39B89CDF1AC4C70C003A93E5 /* AppDelegate.swift */; };
		39B89CE21AC4C70C003A93E5 /* RecordSoundsViewController.swift in Sources */ = {isa = PBXBuildFile; fileRef = 39B89CE11AC4C70C003A93E5 /* RecordSoundsViewController.swift */; };
		39B89CE71AC4C70C003A93E5 /* Images.xcassets in Resources */ = {isa = PBXBuildFile; fileRef = 39B89CE61AC4C70C003A93E5 /* Images.xcassets */; };
		39B89CEA1AC4C70C003A93E5 /* LaunchScreen.xib in Resources */ = {isa = PBXBuildFile; fileRef = 39B89CE81AC4C70C003A93E5 /* LaunchScreen.xib */; };
		39B89CF61AC4C70C003A93E5 /* Pitch_PerfectTests.swift in Sources */ = {isa = PBXBuildFile; fileRef = 39B89CF51AC4C70C003A93E5 /* Pitch_PerfectTests.swift */; };
/* End PBXBuildFile section */

/* Begin PBXContainerItemProxy section */
		39B89CF01AC4C70C003A93E5 /* PBXContainerItemProxy */ = {
			isa = PBXContainerItemProxy;
			containerPortal = 39B89CD21AC4C70C003A93E5 /* Project object */;
			proxyType = 1;
			remoteGlobalIDString = 39B89CD91AC4C70C003A93E5;
			remoteInfo = "Pitch Perfect";
		};
/* End PBXContainerItemProxy section */

/* Begin PBXFileReference section */
		3929E7E01AD03DED00E14312 /* PlaySoundsViewController.swift */ = {isa = PBXFileReference; fileEncoding = 4; lastKnownFileType = sourcecode.swift; path = PlaySoundsViewController.swift; sourceTree = "<group>"; };
		3929E7E41AD0BA9E00E14312 /* movie_quote.mp3 */ = {isa = PBXFileReference; lastKnownFileType = audio.mp3; name = movie_quote.mp3; path = ../movie_quote.mp3; sourceTree = "<group>"; };
		3929E7E71AD17CEE00E14312 /* Base */ = {isa = PBXFileReference; lastKnownFileType = file.storyboard; name = Base; path = Base.lproj/Main.storyboard; sourceTree = "<group>"; };
		3929E7E91AD1A47400E14312 /* RecordedAudio.swift */ = {isa = PBXFileReference; fileEncoding = 4; lastKnownFileType = sourcecode.swift; path = RecordedAudio.swift; sourceTree = "<group>"; };
		39B89CDA1AC4C70C003A93E5 /* Pitch Perfect.app */ = {isa = PBXFileReference; explicitFileType = wrapper.application; includeInIndex = 0; path = "Pitch Perfect.app"; sourceTree = BUILT_PRODUCTS_DIR; };
		39B89CDE1AC4C70C003A93E5 /* Info.plist */ = {isa = PBXFileReference; lastKnownFileType = text.plist.xml; path = Info.plist; sourceTree = "<group>"; };
		39B89CDF1AC4C70C003A93E5 /* AppDelegate.swift */ = {isa = PBXFileReference; lastKnownFileType = sourcecode.swift; path = AppDelegate.swift; sourceTree = "<group>"; };
		39B89CE11AC4C70C003A93E5 /* RecordSoundsViewController.swift */ = {isa = PBXFileReference; lastKnownFileType = sourcecode.swift; path = RecordSoundsViewController.swift; sourceTree = "<group>"; };
		39B89CE61AC4C70C003A93E5 /* Images.xcassets */ = {isa = PBXFileReference; lastKnownFileType = folder.assetcatalog; path = Images.xcassets; sourceTree = "<group>"; };
		39B89CE91AC4C70C003A93E5 /* Base */ = {isa = PBXFileReference; lastKnownFileType = file.xib; name = Base; path = Base.lproj/LaunchScreen.xib; sourceTree = "<group>"; };
		39B89CEF1AC4C70C003A93E5 /* Pitch PerfectTests.xctest */ = {isa = PBXFileReference; explicitFileType = wrapper.cfbundle; includeInIndex = 0; path = "Pitch PerfectTests.xctest"; sourceTree = BUILT_PRODUCTS_DIR; };
		39B89CF41AC4C70C003A93E5 /* Info.plist */ = {isa = PBXFileReference; lastKnownFileType = text.plist.xml; path = Info.plist; sourceTree = "<group>"; };
		39B89CF51AC4C70C003A93E5 /* Pitch_PerfectTests.swift */ = {isa = PBXFileReference; lastKnownFileType = sourcecode.swift; path = Pitch_PerfectTests.swift; sourceTree = "<group>"; };
/* End PBXFileReference section */

/* Begin PBXFrameworksBuildPhase section */
		39B89CD71AC4C70C003A93E5 /* Frameworks */ = {
			isa = PBXFrameworksBuildPhase;
			buildActionMask = 2147483647;
			files = (
			);
			runOnlyForDeploymentPostprocessing = 0;
		};
		39B89CEC1AC4C70C003A93E5 /* Frameworks */ = {
			isa = PBXFrameworksBuildPhase;
			buildActionMask = 2147483647;
			files = (
			);
			runOnlyForDeploymentPostprocessing = 0;
		};
/* End PBXFrameworksBuildPhase section */

/* Begin PBXGroup section */
		39B89CD11AC4C70C003A93E5 = {
			isa = PBXGroup;
			children = (
				39B89CDC1AC4C70C003A93E5 /* Pitch Perfect */,
				39B89CF21AC4C70C003A93E5 /* Pitch PerfectTests */,
				39B89CDB1AC4C70C003A93E5 /* Products */,
			);
			sourceTree = "<group>";
		};
		39B89CDB1AC4C70C003A93E5 /* Products */ = {
			isa = PBXGroup;
			children = (
				39B89CDA1AC4C70C003A93E5 /* Pitch Perfect.app */,
				39B89CEF1AC4C70C003A93E5 /* Pitch PerfectTests.xctest */,
			);
			name = Products;
			sourceTree = "<group>";
		};
		39B89CDC1AC4C70C003A93E5 /* Pitch Perfect */ = {
			isa = PBXGroup;
			children = (
				3929E7E61AD17CEE00E14312 /* Main.storyboard */,
				3929E7E91AD1A47400E14312 /* RecordedAudio.swift */,
				39B89CDF1AC4C70C003A93E5 /* AppDelegate.swift */,
				39B89CE11AC4C70C003A93E5 /* RecordSoundsViewController.swift */,
				3929E7E01AD03DED00E14312 /* PlaySoundsViewController.swift */,
				39B89CE61AC4C70C003A93E5 /* Images.xcassets */,
				39B89CE81AC4C70C003A93E5 /* LaunchScreen.xib */,
				39B89CDD1AC4C70C003A93E5 /* Supporting Files */,
			);
			path = "Pitch Perfect";
			sourceTree = "<group>";
		};
		39B89CDD1AC4C70C003A93E5 /* Supporting Files */ = {
			isa = PBXGroup;
			children = (
				3929E7E41AD0BA9E00E14312 /* movie_quote.mp3 */,
				39B89CDE1AC4C70C003A93E5 /* Info.plist */,
			);
			name = "Supporting Files";
			sourceTree = "<group>";
		};
		39B89CF21AC4C70C003A93E5 /* Pitch PerfectTests */ = {
			isa = PBXGroup;
			children = (
				39B89CF51AC4C70C003A93E5 /* Pitch_PerfectTests.swift */,
				39B89CF31AC4C70C003A93E5 /* Supporting Files */,
			);
			path = "Pitch PerfectTests";
			sourceTree = "<group>";
		};
		39B89CF31AC4C70C003A93E5 /* Supporting Files */ = {
			isa = PBXGroup;
			children = (
				39B89CF41AC4C70C003A93E5 /* Info.plist */,
			);
			name = "Supporting Files";
			sourceTree = "<group>";
		};
/* End PBXGroup section */

/* Begin PBXNativeTarget section */
		39B89CD91AC4C70C003A93E5 /* Pitch Perfect */ = {
			isa = PBXNativeTarget;
			buildConfigurationList = 39B89CF91AC4C70C003A93E5 /* Build configuration list for PBXNativeTarget "Pitch Perfect" */;
			buildPhases = (
				39B89CD61AC4C70C003A93E5 /* Sources */,
				39B89CD71AC4C70C003A93E5 /* Frameworks */,
				39B89CD81AC4C70C003A93E5 /* Resources */,
			);
			buildRules = (
			);
			dependencies = (
			);
			name = "Pitch Perfect";
			productName = "Pitch Perfect";
			productReference = 39B89CDA1AC4C70C003A93E5 /* Pitch Perfect.app */;
			productType = "com.apple.product-type.application";
		};
		39B89CEE1AC4C70C003A93E5 /* Pitch PerfectTests */ = {
			isa = PBXNativeTarget;
			buildConfigurationList = 39B89CFC1AC4C70C003A93E5 /* Build configuration list for PBXNativeTarget "Pitch PerfectTests" */;
			buildPhases = (
				39B89CEB1AC4C70C003A93E5 /* Sources */,
				39B89CEC1AC4C70C003A93E5 /* Frameworks */,
				39B89CED1AC4C70C003A93E5 /* Resources */,
			);
			buildRules = (
			);
			dependencies = (
				39B89CF11AC4C70C003A93E5 /* PBXTargetDependency */,
			);
			name = "Pitch PerfectTests";
			productName = "Pitch PerfectTests";
			productReference = 39B89CEF1AC4C70C003A93E5 /* Pitch PerfectTests.xctest */;
			productType = "com.apple.product-type.bundle.unit-test";
		};
/* End PBXNativeTarget section */

/* Begin PBXProject section */
		39B89CD21AC4C70C003A93E5 /* Project object */ = {
			isa = PBXProject;
			attributes = {
				LastUpgradeCheck = 0620;
				ORGANIZATIONNAME = Udacity;
				TargetAttributes = {
					39B89CD91AC4C70C003A93E5 = {
						CreatedOnToolsVersion = 6.2;
					};
					39B89CEE1AC4C70C003A93E5 = {
						CreatedOnToolsVersion = 6.2;
						TestTargetID = 39B89CD91AC4C70C003A93E5;
					};
				};
			};
			buildConfigurationList = 39B89CD51AC4C70C003A93E5 /* Build configuration list for PBXProject "Pitch Perfect" */;
			compatibilityVersion = "Xcode 3.2";
			developmentRegion = English;
			hasScannedForEncodings = 0;
			knownRegions = (
				en,
				Base,
			);
			mainGroup = 39B89CD11AC4C70C003A93E5;
			productRefGroup = 39B89CDB1AC4C70C003A93E5 /* Products */;
			projectDirPath = "";
			projectRoot = "";
			targets = (
				39B89CD91AC4C70C003A93E5 /* Pitch Perfect */,
				39B89CEE1AC4C70C003A93E5 /* Pitch PerfectTests */,
			);
		};
/* End PBXProject section */

/* Begin PBXResourcesBuildPhase section */
		39B89CD81AC4C70C003A93E5 /* Resources */ = {
			isa = PBXResourcesBuildPhase;
			buildActionMask = 2147483647;
			files = (
				39B89CEA1AC4C70C003A93E5 /* LaunchScreen.xib in Resources */,
				3929E7E51AD0BA9E00E14312 /* movie_quote.mp3 in Resources */,
				39B89CE71AC4C70C003A93E5 /* Images.xcassets in Resources */,
				3929E7E81AD17CEE00E14312 /* Main.storyboard in Resources */,
			);
			runOnlyForDeploymentPostprocessing = 0;
		};
		39B89CED1AC4C70C003A93E5 /* Resources */ = {
			isa = PBXResourcesBuildPhase;
			buildActionMask = 2147483647;
			files = (
			);
			runOnlyForDeploymentPostprocessing = 0;
		};
/* End PBXResourcesBuildPhase section */

/* Begin PBXSourcesBuildPhase section */
		39B89CD61AC4C70C003A93E5 /* Sources */ = {
			isa = PBXSourcesBuildPhase;
			buildActionMask = 2147483647;
			files = (
				3929E7EA1AD1A47400E14312 /* RecordedAudio.swift in Sources */,
				39B89CE21AC4C70C003A93E5 /* RecordSoundsViewController.swift in Sources */,
				3929E7E11AD03DED00E14312 /* PlaySoundsViewController.swift in Sources */,
				39B89CE01AC4C70C003A93E5 /* AppDelegate.swift in Sources */,
			);
			runOnlyForDeploymentPostprocessing = 0;
		};
		39B89CEB1AC4C70C003A93E5 /* Sources */ = {
			isa = PBXSourcesBuildPhase;
			buildActionMask = 2147483647;
			files = (
				39B89CF61AC4C70C003A93E5 /* Pitch_PerfectTests.swift in Sources */,
			);
			runOnlyForDeploymentPostprocessing = 0;
		};
/* End PBXSourcesBuildPhase section */

/* Begin PBXTargetDependency section */
		39B89CF11AC4C70C003A93E5 /* PBXTargetDependency */ = {
			isa = PBXTargetDependency;
			target = 39B89CD91AC4C70C003A93E5 /* Pitch Perfect */;
			targetProxy = 39B89CF01AC4C70C003A93E5 /* PBXContainerItemProxy */;
		};
/* End PBXTargetDependency section */

/* Begin PBXVariantGroup section */
		3929E7E61AD17CEE00E14312 /* Main.storyboard */ = {
			isa = PBXVariantGroup;
			children = (
				3929E7E71AD17CEE00E14312 /* Base */,
			);
			name = Main.storyboard;
			sourceTree = "<group>";
		};
		39B89CE81AC4C70C003A93E5 /* LaunchScreen.xib */ = {
			isa = PBXVariantGroup;
			children = (
				39B89CE91AC4C70C003A93E5 /* Base */,
			);
			name = LaunchScreen.xib;
			sourceTree = "<group>";
		};
/* End PBXVariantGroup section */

/* Begin XCBuildConfiguration section */
		39B89CF71AC4C70C003A93E5 /* Debug */ = {
			isa = XCBuildConfiguration;
			buildSettings = {
				ALWAYS_SEARCH_USER_PATHS = NO;
				CLANG_CXX_LANGUAGE_STANDARD = "gnu++0x";
				CLANG_CXX_LIBRARY = "libc++";
				CLANG_ENABLE_MODULES = YES;
				CLANG_ENABLE_OBJC_ARC = YES;
				CLANG_WARN_BOOL_CONVERSION = YES;
				CLANG_WARN_CONSTANT_CONVERSION = YES;
				CLANG_WARN_DIRECT_OBJC_ISA_USAGE = YES_ERROR;
				CLANG_WARN_EMPTY_BODY = YES;
				CLANG_WARN_ENUM_CONVERSION = YES;
				CLANG_WARN_INT_CONVERSION = YES;
				CLANG_WARN_OBJC_ROOT_CLASS = YES_ERROR;
				CLANG_WARN_UNREACHABLE_CODE = YES;
				CLANG_WARN__DUPLICATE_METHOD_MATCH = YES;
				"CODE_SIGN_IDENTITY[sdk=iphoneos*]" = "iPhone Developer";
				COPY_PHASE_STRIP = NO;
				ENABLE_STRICT_OBJC_MSGSEND = YES;
				GCC_C_LANGUAGE_STANDARD = gnu99;
				GCC_DYNAMIC_NO_PIC = NO;
				GCC_OPTIMIZATION_LEVEL = 0;
				GCC_PREPROCESSOR_DEFINITIONS = (
					"DEBUG=1",
					"$(inherited)",
				);
				GCC_SYMBOLS_PRIVATE_EXTERN = NO;
				GCC_WARN_64_TO_32_BIT_CONVERSION = YES;
				GCC_WARN_ABOUT_RETURN_TYPE = YES_ERROR;
				GCC_WARN_UNDECLARED_SELECTOR = YES;
				GCC_WARN_UNINITIALIZED_AUTOS = YES_AGGRESSIVE;
				GCC_WARN_UNUSED_FUNCTION = YES;
				GCC_WARN_UNUSED_VARIABLE = YES;
				IPHONEOS_DEPLOYMENT_TARGET = 8.2;
				MTL_ENABLE_DEBUG_INFO = YES;
				ONLY_ACTIVE_ARCH = YES;
				SDKROOT = iphoneos;
				SWIFT_OPTIMIZATION_LEVEL = "-Onone";
			};
			name = Debug;
		};
		39B89CF81AC4C70C003A93E5 /* Release */ = {
			isa = XCBuildConfiguration;
			buildSettings = {
				ALWAYS_SEARCH_USER_PATHS = NO;
				CLANG_CXX_LANGUAGE_STANDARD = "gnu++0x";
				CLANG_CXX_LIBRARY = "libc++";
				CLANG_ENABLE_MODULES = YES;
				CLANG_ENABLE_OBJC_ARC = YES;
				CLANG_WARN_BOOL_CONVERSION = YES;
				CLANG_WARN_CONSTANT_CONVERSION = YES;
				CLANG_WARN_DIRECT_OBJC_ISA_USAGE = YES_ERROR;
				CLANG_WARN_EMPTY_BODY = YES;
				CLANG_WARN_ENUM_CONVERSION = YES;
				CLANG_WARN_INT_CONVERSION = YES;
				CLANG_WARN_OBJC_ROOT_CLASS = YES_ERROR;
				CLANG_WARN_UNREACHABLE_CODE = YES;
				CLANG_WARN__DUPLICATE_METHOD_MATCH = YES;
				"CODE_SIGN_IDENTITY[sdk=iphoneos*]" = "iPhone Developer";
				COPY_PHASE_STRIP = NO;
				ENABLE_NS_ASSERTIONS = NO;
				ENABLE_STRICT_OBJC_MSGSEND = YES;
				GCC_C_LANGUAGE_STANDARD = gnu99;
				GCC_WARN_64_TO_32_BIT_CONVERSION = YES;
				GCC_WARN_ABOUT_RETURN_TYPE = YES_ERROR;
				GCC_WARN_UNDECLARED_SELECTOR = YES;
				GCC_WARN_UNINITIALIZED_AUTOS = YES_AGGRESSIVE;
				GCC_WARN_UNUSED_FUNCTION = YES;
				GCC_WARN_UNUSED_VARIABLE = YES;
				IPHONEOS_DEPLOYMENT_TARGET = 8.2;
				MTL_ENABLE_DEBUG_INFO = NO;
				SDKROOT = iphoneos;
				VALIDATE_PRODUCT = YES;
			};
			name = Release;
		};
		39B89CFA1AC4C70C003A93E5 /* Debug */ = {
			isa = XCBuildConfiguration;
			buildSettings = {
				ASSETCATALOG_COMPILER_APPICON_NAME = AppIcon;
				INFOPLIST_FILE = "Pitch Perfect/Info.plist";
				IPHONEOS_DEPLOYMENT_TARGET = 8.0;
				LD_RUNPATH_SEARCH_PATHS = "$(inherited) @executable_path/Frameworks";
				PRODUCT_NAME = "$(TARGET_NAME)";
			};
			name = Debug;
		};
		39B89CFB1AC4C70C003A93E5 /* Release */ = {
			isa = XCBuildConfiguration;
			buildSettings = {
				ASSETCATALOG_COMPILER_APPICON_NAME = AppIcon;
				INFOPLIST_FILE = "Pitch Perfect/Info.plist";
				IPHONEOS_DEPLOYMENT_TARGET = 8.0;
				LD_RUNPATH_SEARCH_PATHS = "$(inherited) @executable_path/Frameworks";
				PRODUCT_NAME = "$(TARGET_NAME)";
			};
			name = Release;
		};
		39B89CFD1AC4C70C003A93E5 /* Debug */ = {
			isa = XCBuildConfiguration;
			buildSettings = {
				BUNDLE_LOADER = "$(TEST_HOST)";
				FRAMEWORK_SEARCH_PATHS = (
					"$(SDKROOT)/Developer/Library/Frameworks",
					"$(inherited)",
				);
				GCC_PREPROCESSOR_DEFINITIONS = (
					"DEBUG=1",
					"$(inherited)",
				);
				INFOPLIST_FILE = "Pitch PerfectTests/Info.plist";
				LD_RUNPATH_SEARCH_PATHS = "$(inherited) @executable_path/Frameworks @loader_path/Frameworks";
				PRODUCT_NAME = "$(TARGET_NAME)";
				TEST_HOST = "$(BUILT_PRODUCTS_DIR)/Pitch Perfect.app/Pitch Perfect";
			};
			name = Debug;
		};
		39B89CFE1AC4C70C003A93E5 /* Release */ = {
			isa = XCBuildConfiguration;
			buildSettings = {
				BUNDLE_LOADER = "$(TEST_HOST)";
				FRAMEWORK_SEARCH_PATHS = (
					"$(SDKROOT)/Developer/Library/Frameworks",
					"$(inherited)",
				);
				INFOPLIST_FILE = "Pitch PerfectTests/Info.plist";
				LD_RUNPATH_SEARCH_PATHS = "$(inherited) @executable_path/Frameworks @loader_path/Frameworks";
				PRODUCT_NAME = "$(TARGET_NAME)";
				TEST_HOST = "$(BUILT_PRODUCTS_DIR)/Pitch Perfect.app/Pitch Perfect";
			};
			name = Release;
		};
/* End XCBuildConfiguration section */

/* Begin XCConfigurationList section */
		39B89CD51AC4C70C003A93E5 /* Build configuration list for PBXProject "Pitch Perfect" */ = {
			isa = XCConfigurationList;
			buildConfigurations = (
				39B89CF71AC4C70C003A93E5 /* Debug */,
				39B89CF81AC4C70C003A93E5 /* Release */,
			);
			defaultConfigurationIsVisible = 0;
			defaultConfigurationName = Release;
		};
		39B89CF91AC4C70C003A93E5 /* Build configuration list for PBXNativeTarget "Pitch Perfect" */ = {
			isa = XCConfigurationList;
			buildConfigurations = (
				39B89CFA1AC4C70C003A93E5 /* Debug */,
				39B89CFB1AC4C70C003A93E5 /* Release */,
			);
			defaultConfigurationIsVisible = 0;
			defaultConfigurationName = Release;
		};
		39B89CFC1AC4C70C003A93E5 /* Build configuration list for PBXNativeTarget "Pitch PerfectTests" */ = {
			isa = XCConfigurationList;
			buildConfigurations = (
				39B89CFD1AC4C70C003A93E5 /* Debug */,
				39B89CFE1AC4C70C003A93E5 /* Release */,
			);
			defaultConfigurationIsVisible = 0;
			defaultConfigurationName = Release;
		};
/* End XCConfigurationList section */
	};
	rootObject = 39B89CD21AC4C70C003A93E5 /* Project object */;
}
